Terraform will perform the following actions:

  # aws_iam_policy.extend_policy will be created
  + resource "aws_iam_policy" "extend_policy" {
      + arn         = (known after apply)
      + id          = (known after apply)
      + name        = "extend_policy"
      + name_prefix = (known after apply)
      + path        = "/"
      + policy      = (known after apply)
      + policy_id   = (known after apply)
      + tags_all    = (known after apply)
    }

  # aws_iam_policy_attachment.extend-attach-policy will be created
  + resource "aws_iam_policy_attachment" "extend-attach-policy" {
      + id         = (known after apply)
      + name       = "extend-attach-policy"
      + policy_arn = (known after apply)
      + roles      = [
          + "interview-bot",
        ]
    }

  # aws_iam_role.interview-bot will be created
  + resource "aws_iam_role" "interview-bot" {
      + arn                   = (known after apply)
      + assume_role_policy    = jsonencode(
            {
              + Statement = [
                  + {
                      + Action    = "sts:AssumeRole"
                      + Effect    = "Allow"
                      + Principal = {
                          + Service = "ec2.amazonaws.com"
                        }
                    },
                ]
              + Version   = "2012-10-17"
            }
        )
      + create_date           = (known after apply)
      + force_detach_policies = false
      + id                    = (known after apply)
      + managed_policy_arns   = (known after apply)
      + max_session_duration  = 3600
      + name                  = "interview-bot"
      + name_prefix           = (known after apply)
      + path                  = "/"
      + tags_all              = (known after apply)
      + unique_id             = (known after apply)

      + inline_policy {
          + name   = (known after apply)
          + policy = (known after apply)
        }
    }

  # aws_iam_role.interview-developer will be created
  + resource "aws_iam_role" "interview-developer" {
      + arn                   = (known after apply)
      + assume_role_policy    = jsonencode(
            {
              + Statement = [
                  + {
                      + Action    = "sts:AssumeRole"
                      + Effect    = "Allow"
                      + Principal = {
                          + Service = "ec2.amazonaws.com"
                        }
                    },
                ]
              + Version   = "2012-10-17"
            }
        )
      + create_date           = (known after apply)
      + force_detach_policies = false
      + id                    = (known after apply)
      + managed_policy_arns   = (known after apply)
      + max_session_duration  = 3600
      + name                  = "interview-developer"
      + name_prefix           = (known after apply)
      + path                  = "/"
      + tags_all              = (known after apply)
      + unique_id             = (known after apply)

      + inline_policy {
          + name   = (known after apply)
          + policy = (known after apply)
        }
    }

  # aws_secretsmanager_secret.extend_secret will be created
  + resource "aws_secretsmanager_secret" "extend_secret" {
      + arn                            = (known after apply)
      + force_overwrite_replica_secret = false
      + id                             = (known after apply)
      + name                           = "extend-interview/gulnaza"
      + name_prefix                    = (known after apply)
      + policy                         = (known after apply)
      + recovery_window_in_days        = 30
      + rotation_enabled               = (known after apply)
      + rotation_lambda_arn            = (known after apply)
      + tags_all                       = (known after apply)

      + replica {
          + kms_key_id         = (known after apply)
          + last_accessed_date = (known after apply)
          + region             = (known after apply)
          + status             = (known after apply)
          + status_message     = (known after apply)
        }

      + rotation_rules {
          + automatically_after_days = (known after apply)
        }
    }

  # aws_secretsmanager_secret_version.extend_secret will be created
  + resource "aws_secretsmanager_secret_version" "extend_secret" {
      + arn            = (known after apply)
      + id             = (known after apply)
      + secret_id      = (known after apply)
      + secret_string  = (sensitive value)
      + version_id     = (known after apply)
      + version_stages = (known after apply)
    }

Plan: 6 to add, 0 to change, 0 to destroy.